
Microsoft Visual Studio Solution File, Format Version 12.00
# Visual Studio Version 17
VisualStudioVersion = 17.6.33829.357
MinimumVisualStudioVersion = 10.0.40219.1
Project("{FAE04EC0-301F-11D3-BF4B-00C04F79EFBC}") = "CrmsolutionUnitTesting", "CrmsolutionUnitTesting\CrmsolutionUnitTesting.csproj", "{506EB731-197B-422A-BD32-D438D3B4DEFF}"
EndProject
Global
	GlobalSection(SolutionConfigurationPlatforms) = preSolution
		Debug|Any CPU = Debug|Any CPU
		Release|Any CPU = Release|Any CPU
	EndGlobalSection
	GlobalSection(ProjectConfigurationPlatforms) = postSolution
		{506EB731-197B-422A-BD32-D438D3B4DEFF}.Debug|Any CPU.ActiveCfg = Debug|Any CPU
		{506EB731-197B-422A-BD32-D438D3B4DEFF}.Debug|Any CPU.Build.0 = Debug|Any CPU
		{506EB731-197B-422A-BD32-D438D3B4DEFF}.Release|Any CPU.ActiveCfg = Release|Any CPU
		{506EB731-197B-422A-BD32-D438D3B4DEFF}.Release|Any CPU.Build.0 = Release|Any CPU
	EndGlobalSection
	GlobalSection(SolutionProperties) = preSolution
		HideSolutionNode = FALSE
	EndGlobalSection
	GlobalSection(ExtensibilityGlobals) = postSolution
		SolutionGuid = {47D18739-CD3B-4ABE-BCA1-B3230FFE8F47}
	EndGlobalSection
EndGlobal
